
Microsoft Visual Studio Solution File, Format Version 12.00
# Visual Studio 2012
Project("{D954291E-2A0B-460D-934E-DC6B0785DB48}") = "LyricalPromise", "LyricalPromise\LyricalPromise.shproj", "{464182AB-A6CA-4C73-9C58-0E295D58122D}"
EndProject
Project("{FAE04EC0-301F-11D3-BF4B-00C04F79EFBC}") = "LyricalPromise.Tests", "Tests\LyricalPromise.Tests.csproj", "{20E54C10-4B3F-4931-B980-69583CA22ED6}"
EndProject
Global
	GlobalSection(SolutionConfigurationPlatforms) = preSolution
		Debug|Any CPU = Debug|Any CPU
		Release|Any CPU = Release|Any CPU
	EndGlobalSection
	GlobalSection(ProjectConfigurationPlatforms) = postSolution
		{20E54C10-4B3F-4931-B980-69583CA22ED6}.Debug|Any CPU.ActiveCfg = Debug|Any CPU
		{20E54C10-4B3F-4931-B980-69583CA22ED6}.Debug|Any CPU.Build.0 = Debug|Any CPU
		{20E54C10-4B3F-4931-B980-69583CA22ED6}.Release|Any CPU.ActiveCfg = Release|Any CPU
		{20E54C10-4B3F-4931-B980-69583CA22ED6}.Release|Any CPU.Build.0 = Release|Any CPU
	EndGlobalSection
EndGlobal
